
Microsoft Visual Studio Solution File, Format Version 12.00
# Visual Studio 15
VisualStudioVersion = 15.0.28306.52
MinimumVisualStudioVersion = 10.0.40219.1
Project("{FAE04EC0-301F-11D3-BF4B-00C04F79EFBC}") = "WcfSERVER", "WcfSERVER\WcfSERVER.csproj", "{CC3DE53B-C716-4CAA-A710-A08D9699002F}"
EndProject
Global
	GlobalSection(SolutionConfigurationPlatforms) = preSolution
		Debug|Any CPU = Debug|Any CPU
		Release|Any CPU = Release|Any CPU
	EndGlobalSection
	GlobalSection(ProjectConfigurationPlatforms) = postSolution
		{CC3DE53B-C716-4CAA-A710-A08D9699002F}.Debug|Any CPU.ActiveCfg = Debug|Any CPU
		{CC3DE53B-C716-4CAA-A710-A08D9699002F}.Debug|Any CPU.Build.0 = Debug|Any CPU
		{CC3DE53B-C716-4CAA-A710-A08D9699002F}.Release|Any CPU.ActiveCfg = Release|Any CPU
		{CC3DE53B-C716-4CAA-A710-A08D9699002F}.Release|Any CPU.Build.0 = Release|Any CPU
	EndGlobalSection
	GlobalSection(SolutionProperties) = preSolution
		HideSolutionNode = FALSE
	EndGlobalSection
	GlobalSection(ExtensibilityGlobals) = postSolution
		SolutionGuid = {F5254B22-780C-4A02-A13C-AAE176DE06F1}
	EndGlobalSection
EndGlobal
